PODS:
  - AWSAuthCore (2.27.13):
    - AWSCore (= 2.27.13)
  - AWSCognitoIdentityProvider (2.27.13):
    - AWSCognitoIdentityProviderASF (= 2.27.13)
    - AWSCore (= 2.27.13)
  - AWSCognitoIdentityProviderASF (2.27.13):
    - AWSCore (= 2.27.13)
  - AWSCore (2.27.13)
  - AWSMobileClient (2.27.13):
    - AWSAuthCore (= 2.27.13)
    - AWSCognitoIdentityProvider (= 2.27.13)
    - AWSCognitoIdentityProviderASF (= 2.27.13)
    - AWSCore (= 2.27.13)
  - AWSPinpoint (2.27.13):
    - AWSCore (= 2.27.13)
  - CrowdConnectedCore (1.3.0):
    - AWSMobileClient
    - AWSPinpoint
    - CrowdConnectedShared
  - CrowdConnectedGeo (1.3.0):
    - CrowdConnectedShared
  - CrowdConnectedIPS (1.3.0):
    - CrowdConnectedShared
  - CrowdConnectedShared (1.3.0)
  - ExpoFpCommon (0.2.2)

DEPENDENCIES:
  - CrowdConnectedCore (= 1.3.0)
  - CrowdConnectedGeo (= 1.3.0)
  - CrowdConnectedIPS (= 1.3.0)
  - ExpoFpCommon (= 0.2.2)

SPEC REPOS:
  trunk:
    - AWSAuthCore
    - AWSCognitoIdentityProvider
    - AWSCognitoIdentityProviderASF
    - AWSCore
    - AWSMobileClient
    - AWSPinpoint
    - CrowdConnectedCore
    - CrowdConnectedGeo
    - CrowdConnectedIPS
    - CrowdConnectedShared
    - ExpoFpCommon

SPEC CHECKSUMS:
  AWSAuthCore: 9898614783bd6375742b58a1df38c6a8b8276eda
  AWSCognitoIdentityProvider: c105df15533a029230c325acd2be60ff45e8f3f9
  AWSCognitoIdentityProviderASF: e0f40ef2f5c2c357b77553144e8f41a6c0b0b81b
  AWSCore: 05edadb5f3d0b92a50ea8c66b06f1a10477878da
  AWSMobileClient: a49361347ff5c0cff946b3f777936c0fdf9c190d
  AWSPinpoint: 8286f5d8bd8de530b63da162a819604980895afb
  CrowdConnectedCore: 5f530b9970c9c23939f5f79f73a30df135a36a64
  CrowdConnectedGeo: 94f13ca850b8fdf81ad49306693118d5819ac235
  CrowdConnectedIPS: 10026e4a7de64880f237a9bd5e46c955be899671
  CrowdConnectedShared: 3217973e597c79ae4493f00341636fa808641295
  ExpoFpCommon: 85ca2764f2969347480b21d5a71ac397d85b6cc1

PODFILE CHECKSUM: 4509c34d44c704e254e535d9609a77a90b905245

COCOAPODS: 1.11.2
