PODS:
  - AWSAuthCore (2.27.9):
    - AWSCore (= 2.27.9)
  - AWSCognitoIdentityProvider (2.27.9):
    - AWSCognitoIdentityProviderASF (= 2.27.9)
    - AWSCore (= 2.27.9)
  - AWSCognitoIdentityProviderASF (2.27.9):
    - AWSCore (= 2.27.9)
  - AWSCore (2.27.9)
  - AWSMobileClient (2.27.9):
    - AWSAuthCore (= 2.27.9)
    - AWSCognitoIdentityProvider (= 2.27.9)
    - AWSCognitoIdentityProviderASF (= 2.27.9)
    - AWSCore (= 2.27.9)
  - AWSPinpoint (2.27.9):
    - AWSCore (= 2.27.9)
  - CrowdConnectedCore (1.3.0):
    - AWSMobileClient
    - AWSPinpoint
    - CrowdConnectedShared
  - CrowdConnectedGeo (1.3.0):
    - CrowdConnectedShared
  - CrowdConnectedIPS (1.3.0):
    - CrowdConnectedShared
  - CrowdConnectedShared (1.3.0)
  - ExpoFpCommon (0.2.2)

DEPENDENCIES:
  - CrowdConnectedCore (= 1.3.0)
  - CrowdConnectedGeo (= 1.3.0)
  - CrowdConnectedIPS (= 1.3.0)
  - ExpoFpCommon (from `/Users/vladimir/Xcode projects/expofp-common-ios`)

SPEC REPOS:
  trunk:
    - AWSAuthCore
    - AWSCognitoIdentityProvider
    - AWSCognitoIdentityProviderASF
    - AWSCore
    - AWSMobileClient
    - AWSPinpoint
    - CrowdConnectedCore
    - CrowdConnectedGeo
    - CrowdConnectedIPS
    - CrowdConnectedShared

EXTERNAL SOURCES:
  ExpoFpCommon:
    :path: "/Users/vladimir/Xcode projects/expofp-common-ios"

SPEC CHECKSUMS:
  AWSAuthCore: 5d43a450e93ff6c9a5218c90e1cdb1069cd1f3a4
  AWSCognitoIdentityProvider: 7b4835e094cec4f35a988c5eabea5b8980fb7953
  AWSCognitoIdentityProviderASF: 3adc532f5f7e3641ea954cd30adc2e7b5768488f
  AWSCore: 3419bcaeec8d7809efa32f0e83f151ef8e93ad78
  AWSMobileClient: f942269e300b23031fbd62892e5642d3cf35cb97
  AWSPinpoint: d18317937ec2d70a57e1c53a45d4ad0b960fac0e
  CrowdConnectedCore: 5f530b9970c9c23939f5f79f73a30df135a36a64
  CrowdConnectedGeo: 94f13ca850b8fdf81ad49306693118d5819ac235
  CrowdConnectedIPS: 10026e4a7de64880f237a9bd5e46c955be899671
  CrowdConnectedShared: 3217973e597c79ae4493f00341636fa808641295
  ExpoFpCommon: 240b53bacef02deec6d1b7d73ecea495ad2aacb5

PODFILE CHECKSUM: 538078f600b3bc58d2b18678fca83a3ae3ca045d

COCOAPODS: 1.11.2
